PODS:
  - Alamofire (4.8.2)
  - AlamofireImage (3.5.2):
    - Alamofire (~> 4.8)
  - MultiPlatformLibrary (0.1.0)
  - MultiPlatformLibraryMvvm (0.3.0):
    - MultiPlatformLibrary
    - MultiPlatformLibraryMvvm/AlamofireImage (= 0.3.0)
    - MultiPlatformLibraryMvvm/Core (= 0.3.0)
    - MultiPlatformLibraryMvvm/SkyFloatingLabelTextField (= 0.3.0)
  - MultiPlatformLibraryMvvm/AlamofireImage (0.3.0):
    - AlamofireImage
    - MultiPlatformLibrary
  - MultiPlatformLibraryMvvm/Core (0.3.0):
    - MultiPlatformLibrary
  - MultiPlatformLibraryMvvm/SkyFloatingLabelTextField (0.3.0):
    - MultiPlatformLibrary
    - SkyFloatingLabelTextField
  - SkyFloatingLabelTextField (3.7.0)

DEPENDENCIES:
  - AlamofireImage (= 3.5.2)
  - MultiPlatformLibrary (from `../mpp-library`)
  - MultiPlatformLibraryMvvm (from `../../`)
  - SkyFloatingLabelTextField (= 3.7.0)

SPEC REPOS:
  https://github.com/CocoaPods/Specs.git:
    - Alamofire
    - AlamofireImage
    - SkyFloatingLabelTextField

EXTERNAL SOURCES:
  MultiPlatformLibrary:
    :path: "../mpp-library"
  MultiPlatformLibraryMvvm:
    :path: "../../"

SPEC CHECKSUMS:
  Alamofire: ae5c501addb7afdbb13687d7f2f722c78734c2d3
  AlamofireImage: 63cfe3baf1370be6c498149687cf6db3e3b00999
  MultiPlatformLibrary: 176fb8ade516666cd47e93de1b71ba0441a541bb
  MultiPlatformLibraryMvvm: cf23e46d7f8ba9d5e3aa1ed6bea0dd3b27b92ac0
  SkyFloatingLabelTextField: 4b46db0ab1ccde0919cded29c656e6b4805eda04

PODFILE CHECKSUM: bcb3dbb84251cb098ef01da03025fb9e92e73129

COCOAPODS: 1.9.3
