PODS:
  - mokoMvvmFlowSwiftUI (0.13.0)

DEPENDENCIES:
  - mokoMvvmFlowSwiftUI (from `../../mokoMvvmFlowSwiftUI.podspec`)

EXTERNAL SOURCES:
  mokoMvvmFlowSwiftUI:
    :podspec: "../../mokoMvvmFlowSwiftUI.podspec"

SPEC CHECKSUMS:
  mokoMvvmFlowSwiftUI: 8748eed4651ca08939606dc8b651e54eb39949c4

PODFILE CHECKSUM: 631d769eaf5798ac275c4cba12e1d94eabbd892a

COCOAPODS: 1.11.2
